
Microsoft Visual Studio Solution File, Format Version 12.00
# Visual Studio Version 17
VisualStudioVersion = 17.12.35707.178 d17.12
MinimumVisualStudioVersion = 10.0.40219.1
Project("{FAE04EC0-301F-11D3-BF4B-00C04F79EFBC}") = "vt2026-a3", "vt2026-a3.csproj", "{462A4CEA-11F6-4475-B833-84CDE684956B}"
EndProject
Global
	GlobalSection(SolutionConfigurationPlatforms) = preSolution
		Debug|Any CPU = Debug|Any CPU
		Release|Any CPU = Release|Any CPU
	EndGlobalSection
	GlobalSection(ProjectConfigurationPlatforms) = postSolution
		{462A4CEA-11F6-4475-B833-84CDE684956B}.Debug|Any CPU.ActiveCfg = Debug|Any CPU
		{462A4CEA-11F6-4475-B833-84CDE684956B}.Debug|Any CPU.Build.0 = Debug|Any CPU
		{462A4CEA-11F6-4475-B833-84CDE684956B}.Release|Any CPU.ActiveCfg = Release|Any CPU
		{462A4CEA-11F6-4475-B833-84CDE684956B}.Release|Any CPU.Build.0 = Release|Any CPU
	EndGlobalSection
	GlobalSection(SolutionProperties) = preSolution
		HideSolutionNode = FALSE
	EndGlobalSection
EndGlobal
