
Microsoft Visual Studio Solution File, Format Version 12.00
# Visual Studio Version 17
VisualStudioVersion = 17.12.35707.178 d17.12
MinimumVisualStudioVersion = 10.0.40219.1
Project("{FAE04EC0-301F-11D3-BF4B-00C04F79EFBC}") = "vt2026-a2", "vt2026-a2.csproj", "{61A69000-CEA3-4076-A93F-E7B51FCD891A}"
EndProject
Project("{2150E333-8FDC-42A3-9474-1A3956D46DE8}") = "Solution Items", "Solution Items", "{A25D063A-9D43-44A1-B8D9-C1B446F5ED0C}"
EndProject
Global
	GlobalSection(SolutionConfigurationPlatforms) = preSolution
		Debug|Any CPU = Debug|Any CPU
		Release|Any CPU = Release|Any CPU
	EndGlobalSection
	GlobalSection(ProjectConfigurationPlatforms) = postSolution
		{61A69000-CEA3-4076-A93F-E7B51FCD891A}.Debug|Any CPU.ActiveCfg = Debug|Any CPU
		{61A69000-CEA3-4076-A93F-E7B51FCD891A}.Debug|Any CPU.Build.0 = Debug|Any CPU
		{61A69000-CEA3-4076-A93F-E7B51FCD891A}.Release|Any CPU.ActiveCfg = Release|Any CPU
		{61A69000-CEA3-4076-A93F-E7B51FCD891A}.Release|Any CPU.Build.0 = Release|Any CPU
	EndGlobalSection
	GlobalSection(SolutionProperties) = preSolution
		HideSolutionNode = FALSE
	EndGlobalSection
EndGlobal
